
Microsoft Visual Studio Solution File, Format Version 12.00
# Visual Studio 14
VisualStudioVersion = 14.0.24720.0
MinimumVisualStudioVersion = 10.0.40219.1
Project("{FAE04EC0-301F-11D3-BF4B-00C04F79EFBC}") = "Xgame.GamePart", "Xgame.GamePart\Xgame.GamePart.csproj", "{05C89D95-8DE4-4F84-8FFE-E72C11315C66}"
EndProject
Project("{FAE04EC0-301F-11D3-BF4B-00C04F79EFBC}") = "Xgame.GameClient", "Xgame.GameClient\Xgame.GameClient.csproj", "{B7A055CC-29D3-4DA9-8F74-8E1C684E8E75}"
EndProject
Project("{FAE04EC0-301F-11D3-BF4B-00C04F79EFBC}") = "Xgame.WpfApp", "Xgame.WpfApp\Xgame.WpfApp.csproj", "{33806438-F53D-481A-907E-56083DFDF77E}"
EndProject
Project("{FAE04EC0-301F-11D3-BF4B-00C04F79EFBC}") = "Xgame.GameBizModule", "Xgame.GameBizModule\Xgame.GameBizModule.csproj", "{9A6BB325-1D14-4FDD-A4E6-9A1A44D79CBB}"
EndProject
Global
	GlobalSection(SolutionConfigurationPlatforms) = preSolution
		Debug|Any CPU = Debug|Any CPU
		Release|Any CPU = Release|Any CPU
	EndGlobalSection
	GlobalSection(ProjectConfigurationPlatforms) = postSolution
		{05C89D95-8DE4-4F84-8FFE-E72C11315C66}.Debug|Any CPU.ActiveCfg = Debug|Any CPU
		{05C89D95-8DE4-4F84-8FFE-E72C11315C66}.Debug|Any CPU.Build.0 = Debug|Any CPU
		{05C89D95-8DE4-4F84-8FFE-E72C11315C66}.Release|Any CPU.ActiveCfg = Release|Any CPU
		{05C89D95-8DE4-4F84-8FFE-E72C11315C66}.Release|Any CPU.Build.0 = Release|Any CPU
		{B7A055CC-29D3-4DA9-8F74-8E1C684E8E75}.Debug|Any CPU.ActiveCfg = Debug|Any CPU
		{B7A055CC-29D3-4DA9-8F74-8E1C684E8E75}.Debug|Any CPU.Build.0 = Debug|Any CPU
		{B7A055CC-29D3-4DA9-8F74-8E1C684E8E75}.Release|Any CPU.ActiveCfg = Release|Any CPU
		{B7A055CC-29D3-4DA9-8F74-8E1C684E8E75}.Release|Any CPU.Build.0 = Release|Any CPU
		{33806438-F53D-481A-907E-56083DFDF77E}.Debug|Any CPU.ActiveCfg = Debug|Any CPU
		{33806438-F53D-481A-907E-56083DFDF77E}.Debug|Any CPU.Build.0 = Debug|Any CPU
		{33806438-F53D-481A-907E-56083DFDF77E}.Release|Any CPU.ActiveCfg = Release|Any CPU
		{33806438-F53D-481A-907E-56083DFDF77E}.Release|Any CPU.Build.0 = Release|Any CPU
		{9A6BB325-1D14-4FDD-A4E6-9A1A44D79CBB}.Debug|Any CPU.ActiveCfg = Debug|Any CPU
		{9A6BB325-1D14-4FDD-A4E6-9A1A44D79CBB}.Debug|Any CPU.Build.0 = Debug|Any CPU
		{9A6BB325-1D14-4FDD-A4E6-9A1A44D79CBB}.Release|Any CPU.ActiveCfg = Release|Any CPU
		{9A6BB325-1D14-4FDD-A4E6-9A1A44D79CBB}.Release|Any CPU.Build.0 = Release|Any CPU
	EndGlobalSection
	GlobalSection(SolutionProperties) = preSolution
		HideSolutionNode = FALSE
	EndGlobalSection
EndGlobal
